
Microsoft Visual Studio Solution File, Format Version 12.00
# Visual Studio Version 17
VisualStudioVersion = 17.9.34607.119
MinimumVisualStudioVersion = 10.0.40219.1
Project("{FAE04EC0-301F-11D3-BF4B-00C04F79EFBC}") = "CommunityMauiMediaElement", "CommunityMauiMediaElement\CommunityMauiMediaElement.csproj", "{B182EFB1-28E9-4A7D-B5A8-67FB2358334C}"
EndProject
Global
	GlobalSection(SolutionConfigurationPlatforms) = preSolution
		Debug|Any CPU = Debug|Any CPU
		Release|Any CPU = Release|Any CPU
	EndGlobalSection
	GlobalSection(ProjectConfigurationPlatforms) = postSolution
		{B182EFB1-28E9-4A7D-B5A8-67FB2358334C}.Debug|Any CPU.ActiveCfg = Debug|Any CPU
		{B182EFB1-28E9-4A7D-B5A8-67FB2358334C}.Debug|Any CPU.Build.0 = Debug|Any CPU
		{B182EFB1-28E9-4A7D-B5A8-67FB2358334C}.Debug|Any CPU.Deploy.0 = Debug|Any CPU
		{B182EFB1-28E9-4A7D-B5A8-67FB2358334C}.Release|Any CPU.ActiveCfg = Release|Any CPU
		{B182EFB1-28E9-4A7D-B5A8-67FB2358334C}.Release|Any CPU.Build.0 = Release|Any CPU
		{B182EFB1-28E9-4A7D-B5A8-67FB2358334C}.Release|Any CPU.Deploy.0 = Release|Any CPU
	EndGlobalSection
	GlobalSection(SolutionProperties) = preSolution
		HideSolutionNode = FALSE
	EndGlobalSection
	GlobalSection(ExtensibilityGlobals) = postSolution
		SolutionGuid = {EF850442-1A7F-4258-9020-753D1CA8B8C6}
	EndGlobalSection
EndGlobal
